<?xml version="1.0" encoding="utf-8"?>
<Project ToolsVersion="4.0" xmlns="http://schemas.microsoft.com/developer/msbuild/2003">
  <ItemGroup>
    <Filter Include="Source Files">
      <UniqueIdentifier>{4FC737F1-C7A5-4376-A066-2A32D752A2FF}</UniqueIdentifier>
      <Extensions>cpp;c;cc;cxx;def;odl;idl;hpj;bat;asm;asmx</Extensions>
    </Filter>
    <Filter Include="Header Files">
      <UniqueIdentifier>{93995380-89BD-4b04-88EB-625FBE52EBFB}</UniqueIdentifier>
      <Extensions>h;hh;hpp;hxx;hm;inl;inc;xsd</Extensions>
    </Filter>
    <Filter Include="Resource Files">
      <UniqueIdentifier>{67DA6AB6-F800-4c08-8B7A-83BB121AAD01}</UniqueIdentifier>
      <Extensions>qrc;rc;ico;cur;bmp;dlg;rc2;rct;bin;rgs;gif;jpg;jpeg;jpe;resx;tiff;tif;png;wav;mfcribbon-ms</Extensions>
    </Filter>
    <Filter Include="Form Files">
      <UniqueIdentifier>{99349809-55BA-4b9d-BF79-8FDBB0286EB3}</UniqueIdentifier>
      <Extensions>ui</Extensions>
    </Filter>
    <Filter Include="Translation Files">
      <UniqueIdentifier>{639EADAA-A684-42e4-A9AD-28FC9BCB8F7C}</UniqueIdentifier>
      <Extensions>ts</Extensions>
    </Filter>
  </ItemGroup>
  <ItemGroup>
    <QtRcc Include="mainWindow.qrc">
      <Filter>Resource Files</Filter>
    </QtRcc>
  </ItemGroup>
  <ItemGroup>
    <ClCompile Include="main.cpp">
      <Filter>Source Files</Filter>
    </ClCompile>
    <ClCompile Include="src\CustomPlotTooltip.cpp">
      <Filter>Source Files</Filter>
    </ClCompile>
    <ClCompile Include="src\mainWindow.cpp">
      <Filter>Source Files</Filter>
    </ClCompile>
    <ClCompile Include="src\myThread.cpp">
      <Filter>Source Files</Filter>
    </ClCompile>
    <ClCompile Include="src\mytracer.cpp">
      <Filter>Source Files</Filter>
    </ClCompile>
    <ClCompile Include="src\mytracerline.cpp">
      <Filter>Source Files</Filter>
    </ClCompile>
    <ClCompile Include="src\OpenFileDialog.cpp">
      <Filter>Source Files</Filter>
    </ClCompile>
    <ClCompile Include="src\order.cpp">
      <Filter>Source Files</Filter>
    </ClCompile>
    <ClCompile Include="src\QCPItemTip.cpp">
      <Filter>Source Files</Filter>
    </ClCompile>
    <ClCompile Include="src\qcustomplot.cpp">
      <Filter>Source Files</Filter>
    </ClCompile>
    <ClCompile Include="src\QIPLineEdit.cpp">
      <Filter>Source Files</Filter>
    </ClCompile>
    <ClCompile Include="src\RelayDialog.cpp">
      <Filter>Source Files</Filter>
    </ClCompile>
    <ClCompile Include="src\ResetNetwork.cpp">
      <Filter>Source Files</Filter>
    </ClCompile>
    <ClCompile Include="src\SetThreshlod.cpp">
      <Filter>Source Files</Filter>
    </ClCompile>
  </ItemGroup>
  <ItemGroup>
    <Image Include="..\..\..\picture1.png">
      <Filter>Resource Files</Filter>
    </Image>
  </ItemGroup>
  <ItemGroup>
    <ResourceCompile Include="mainWindow.rc">
      <Filter>Resource Files</Filter>
    </ResourceCompile>
  </ItemGroup>
  <ItemGroup>
    <QtMoc Include="include\CustomPlotTooltip.h">
      <Filter>Header Files</Filter>
    </QtMoc>
    <QtMoc Include="include\mainWindow.h">
      <Filter>Header Files</Filter>
    </QtMoc>
    <QtMoc Include="include\myThread.h">
      <Filter>Header Files</Filter>
    </QtMoc>
    <QtMoc Include="include\mytracer.h">
      <Filter>Header Files</Filter>
    </QtMoc>
    <QtMoc Include="include\OpenFileDialog.h">
      <Filter>Header Files</Filter>
    </QtMoc>
    <QtMoc Include="include\QCPItemTip.h">
      <Filter>Header Files</Filter>
    </QtMoc>
    <QtMoc Include="include\qcustomplot.h">
      <Filter>Header Files</Filter>
    </QtMoc>
    <QtMoc Include="include\QIPLineEdit.h">
      <Filter>Header Files</Filter>
    </QtMoc>
    <QtMoc Include="include\RelayDialog.h">
      <Filter>Header Files</Filter>
    </QtMoc>
    <QtMoc Include="include\ResetNetwork.h">
      <Filter>Header Files</Filter>
    </QtMoc>
    <QtMoc Include="include\SetThreshlod.h">
      <Filter>Header Files</Filter>
    </QtMoc>
  </ItemGroup>
  <ItemGroup>
    <ClInclude Include="include\mytracerline.h">
      <Filter>Header Files</Filter>
    </ClInclude>
    <ClInclude Include="include\order.h">
      <Filter>Header Files</Filter>
    </ClInclude>
    <ClInclude Include="include\resource.h">
      <Filter>Header Files</Filter>
    </ClInclude>
  </ItemGroup>
  <ItemGroup>
    <QtUic Include="forms\mainWindow.ui">
      <Filter>Form Files</Filter>
    </QtUic>
    <QtUic Include="forms\OpenFileDialog.ui">
      <Filter>Form Files</Filter>
    </QtUic>
    <QtUic Include="forms\RelayDialog.ui">
      <Filter>Form Files</Filter>
    </QtUic>
    <QtUic Include="forms\ResetNetwork.ui">
      <Filter>Form Files</Filter>
    </QtUic>
    <QtUic Include="forms\SetThreshlod.ui">
      <Filter>Form Files</Filter>
    </QtUic>
  </ItemGroup>
  <ItemGroup>
    <Text Include="软件开发计划.txt" />
  </ItemGroup>
  <ItemGroup>
    <None Include="setting.json" />
  </ItemGroup>
</Project>